
Microsoft Visual Studio Solution File, Format Version 12.00
# Visual Studio Version 16
VisualStudioVersion = 16.0.29102.190
MinimumVisualStudioVersion = 10.0.40219.1
Project("{FAE04EC0-301F-11D3-BF4B-00C04F79EFBC}") = "RemainderBot", "RemainderBot\RemainderBot.csproj", "{ABE3383A-697E-443A-AB88-E09AB8B188F2}"
EndProject
Project("{FAE04EC0-301F-11D3-BF4B-00C04F79EFBC}") = "RemainderBot.Core", "RemainderBot.Core\RemainderBot.Core.csproj", "{2C52755A-2DEC-40A8-A9D2-6EF4AC98DF10}"
EndProject
Project("{FAE04EC0-301F-11D3-BF4B-00C04F79EFBC}") = "CoreLibrary", "CoreLibrary\CoreLibrary.csproj", "{3434B3D1-28B0-40CB-A09D-A6A8C58E880C}"
EndProject
Global
	GlobalSection(SolutionConfigurationPlatforms) = preSolution
		Debug|Any CPU = Debug|Any CPU
		Release|Any CPU = Release|Any CPU
	EndGlobalSection
	GlobalSection(ProjectConfigurationPlatforms) = postSolution
		{ABE3383A-697E-443A-AB88-E09AB8B188F2}.Debug|Any CPU.ActiveCfg = Debug|Any CPU
		{ABE3383A-697E-443A-AB88-E09AB8B188F2}.Debug|Any CPU.Build.0 = Debug|Any CPU
		{ABE3383A-697E-443A-AB88-E09AB8B188F2}.Release|Any CPU.ActiveCfg = Release|Any CPU
		{ABE3383A-697E-443A-AB88-E09AB8B188F2}.Release|Any CPU.Build.0 = Release|Any CPU
		{2C52755A-2DEC-40A8-A9D2-6EF4AC98DF10}.Debug|Any CPU.ActiveCfg = Debug|Any CPU
		{2C52755A-2DEC-40A8-A9D2-6EF4AC98DF10}.Debug|Any CPU.Build.0 = Debug|Any CPU
		{2C52755A-2DEC-40A8-A9D2-6EF4AC98DF10}.Release|Any CPU.ActiveCfg = Release|Any CPU
		{2C52755A-2DEC-40A8-A9D2-6EF4AC98DF10}.Release|Any CPU.Build.0 = Release|Any CPU
		{3434B3D1-28B0-40CB-A09D-A6A8C58E880C}.Debug|Any CPU.ActiveCfg = Debug|Any CPU
		{3434B3D1-28B0-40CB-A09D-A6A8C58E880C}.Debug|Any CPU.Build.0 = Debug|Any CPU
		{3434B3D1-28B0-40CB-A09D-A6A8C58E880C}.Release|Any CPU.ActiveCfg = Release|Any CPU
		{3434B3D1-28B0-40CB-A09D-A6A8C58E880C}.Release|Any CPU.Build.0 = Release|Any CPU
	EndGlobalSection
	GlobalSection(SolutionProperties) = preSolution
		HideSolutionNode = FALSE
	EndGlobalSection
	GlobalSection(ExtensibilityGlobals) = postSolution
		SolutionGuid = {5AF4D4E3-2ACB-48CD-BD86-A3006F927D73}
	EndGlobalSection
EndGlobal
